Microsoft Visual Studio Solution File, Format Version 11.00
# Visual Studio 2008

Project("{5D6FCF61-0312-21EB-522F-6ACF0FA37E7A}") = "Save The Kitty 4.0", "Assembly-CSharp.csproj", "{C33E90AB-21E2-AAD5-D22C-BA2720AB4B17}"
EndProject
Global
	GlobalSection(SolutionConfigurationPlatforms) = preSolution
		Debug|Any CPU = Debug|Any CPU
		Release|Any CPU = Release|Any CPU
	EndGlobalSection
	GlobalSection(ProjectConfigurationPlatforms) = postSolution
		{C33E90AB-21E2-AAD5-D22C-BA2720AB4B17}.Debug|Any CPU.ActiveCfg = Debug|Any CPU
		{C33E90AB-21E2-AAD5-D22C-BA2720AB4B17}.Debug|Any CPU.Build.0 = Debug|Any CPU
		{C33E90AB-21E2-AAD5-D22C-BA2720AB4B17}.Release|Any CPU.ActiveCfg = Release|Any CPU
		{C33E90AB-21E2-AAD5-D22C-BA2720AB4B17}.Release|Any CPU.Build.0 = Release|Any CPU
	EndGlobalSection
	GlobalSection(SolutionProperties) = preSolution
		HideSolutionNode = FALSE
	EndGlobalSection
	GlobalSection(MonoDevelopProperties) = preSolution
		StartupItem = Assembly-CSharp.csproj
	EndGlobalSection
EndGlobal
