Microsoft Visual Studio Solution File, Format Version 11.00
# Visual Studio 2008

Project("{4C9A4E22-F1AC-F0B4-D227-861A5C0A4CA3}") = "Save The Kitty 6.0", "Assembly-CSharp.csproj", "{01A3B84D-573D-74CE-C06D-567E0207DD52}"
EndProject
Global
	GlobalSection(SolutionConfigurationPlatforms) = preSolution
		Debug|Any CPU = Debug|Any CPU
		Release|Any CPU = Release|Any CPU
	EndGlobalSection
	GlobalSection(ProjectConfigurationPlatforms) = postSolution
		{01A3B84D-573D-74CE-C06D-567E0207DD52}.Debug|Any CPU.ActiveCfg = Debug|Any CPU
		{01A3B84D-573D-74CE-C06D-567E0207DD52}.Debug|Any CPU.Build.0 = Debug|Any CPU
		{01A3B84D-573D-74CE-C06D-567E0207DD52}.Release|Any CPU.ActiveCfg = Release|Any CPU
		{01A3B84D-573D-74CE-C06D-567E0207DD52}.Release|Any CPU.Build.0 = Release|Any CPU
	EndGlobalSection
	GlobalSection(SolutionProperties) = preSolution
		HideSolutionNode = FALSE
	EndGlobalSection
	GlobalSection(MonoDevelopProperties) = preSolution
		StartupItem = Assembly-CSharp.csproj
	EndGlobalSection
EndGlobal
